
Microsoft Visual Studio Solution File, Format Version 12.00
# Visual Studio 15
VisualStudioVersion = 15.0.27703.2026
MinimumVisualStudioVersion = 10.0.40219.1
Project("{FAE04EC0-301F-11D3-BF4B-00C04F79EFBC}") = "TicketManagerAPI", "TicketManagerAPI\TicketManagerAPI.csproj", "{9E6B2223-7A32-4577-94A2-24A51E5EDBAF}"
EndProject
Global
	GlobalSection(SolutionConfigurationPlatforms) = preSolution
		Debug|Any CPU = Debug|Any CPU
		Release|Any CPU = Release|Any CPU
	EndGlobalSection
	GlobalSection(ProjectConfigurationPlatforms) = postSolution
		{9E6B2223-7A32-4577-94A2-24A51E5EDBAF}.Debug|Any CPU.ActiveCfg = Debug|Any CPU
		{9E6B2223-7A32-4577-94A2-24A51E5EDBAF}.Debug|Any CPU.Build.0 = Debug|Any CPU
		{9E6B2223-7A32-4577-94A2-24A51E5EDBAF}.Release|Any CPU.ActiveCfg = Release|Any CPU
		{9E6B2223-7A32-4577-94A2-24A51E5EDBAF}.Release|Any CPU.Build.0 = Release|Any CPU
	EndGlobalSection
	GlobalSection(SolutionProperties) = preSolution
		HideSolutionNode = FALSE
	EndGlobalSection
	GlobalSection(ExtensibilityGlobals) = postSolution
		SolutionGuid = {5275F19B-609F-4DCA-B65C-DDE050B0E48C}
	EndGlobalSection
EndGlobal
